# THIS IS AN AUTOGENERATED FILE. DO NOT EDIT THIS FILE DIRECTLY.
# yarn lockfile v1


"@nestjs/mongoose@^6.4.0":
  version "6.4.0"
  resolved "https://registry.yarnpkg.com/@nestjs/mongoose/-/mongoose-6.4.0.tgz#3ea2773528f8c4948b76377d24008f5b663b4e14"
  integrity sha512-Q+W1ydZEYG24AnYYbgtNBXE2iIMwfiCUSMilt8swFE8Gl1dAum10NCPLbMgFc31JRKDJFmvxUBftTD0JiGYlmQ==
